
Microsoft Visual Studio Solution File, Format Version 12.00
# Visual Studio Version 16
VisualStudioVersion = 16.0.30717.126
MinimumVisualStudioVersion = 10.0.40219.1
Project("{8BC9CEB8-8B4A-11D0-8D11-00A0C91BC942}") = "tensorflow-bridge", "tensorflow-bridge\tensorflow-bridge.vcxproj", "{95E1E607-A1B3-411D-B2D2-727753FADE89}"
EndProject
Global
	GlobalSection(SolutionConfigurationPlatforms) = preSolution
		Debug|x64 = Debug|x64
		Debug|x86 = Debug|x86
		Release|x64 = Release|x64
		Release|x86 = Release|x86
	EndGlobalSection
	GlobalSection(ProjectConfigurationPlatforms) = postSolution
		{95E1E607-A1B3-411D-B2D2-727753FADE89}.Debug|x64.ActiveCfg = Debug|x64
		{95E1E607-A1B3-411D-B2D2-727753FADE89}.Debug|x64.Build.0 = Debug|x64
		{95E1E607-A1B3-411D-B2D2-727753FADE89}.Debug|x86.ActiveCfg = Debug|Win32
		{95E1E607-A1B3-411D-B2D2-727753FADE89}.Debug|x86.Build.0 = Debug|Win32
		{95E1E607-A1B3-411D-B2D2-727753FADE89}.Release|x64.ActiveCfg = Release|x64
		{95E1E607-A1B3-411D-B2D2-727753FADE89}.Release|x64.Build.0 = Release|x64
		{95E1E607-A1B3-411D-B2D2-727753FADE89}.Release|x86.ActiveCfg = Release|Win32
		{95E1E607-A1B3-411D-B2D2-727753FADE89}.Release|x86.Build.0 = Release|Win32
	EndGlobalSection
	GlobalSection(SolutionProperties) = preSolution
		HideSolutionNode = FALSE
	EndGlobalSection
	GlobalSection(ExtensibilityGlobals) = postSolution
		SolutionGuid = {FB7C23A3-5E27-4247-83EA-739E5D159F2A}
	EndGlobalSection
EndGlobal
